// !$*UTF8*$!
{
	archiveVersion = 1;
	classes = {
	};
	objectVersion = 48;
	objects = {

/* Begin PBXBuildFile section */
		346DFE2E1FCBE3E600F790BF /* main.cpp in Sources */ = {isa = PBXBuildFile; fileRef = 346DFE2D1FCBE3E600F790BF /* main.cpp */; };
		346DFE361FCBE3F600F790BF /* OpenGL.framework in Frameworks */ = {isa = PBXBuildFile; fileRef = 346DFE351FCBE3F200F790BF /* OpenGL.framework */; };
		346DFE381FCBE3FF00F790BF /* GLUT.framework in Frameworks */ = {isa = PBXBuildFile; fileRef = 346DFE371FCBE3FB00F790BF /* GLUT.framework */; };
/* End PBXBuildFile section */

/* Begin PBXCopyFilesBuildPhase section */
		346DFE281FCBE3E600F790BF /* CopyFiles */ = {
			isa = PBXCopyFilesBuildPhase;
			buildActionMask = 2147483647;
			dstPath = /usr/share/man/man1/;
			dstSubfolderSpec = 0;
			files = (
			);
			runOnlyForDeploymentPostprocessing = 1;
		};
/* End PBXCopyFilesBuildPhase section */

/* Begin PBXFileReference section */
		346DFE2A1FCBE3E600F790BF /* MarchingCubes */ = {isa = PBXFileReference; explicitFileType = "compiled.mach-o.executable"; includeInIndex = 0; path = MarchingCubes; sourceTree = BUILT_PRODUCTS_DIR; };
		346DFE2D1FCBE3E600F790BF /* main.cpp */ = {isa = PBXFileReference; lastKnownFileType = sourcecode.cpp.cpp; path = main.cpp; sourceTree = "<group>"; };
		346DFE351FCBE3F200F790BF /* OpenGL.framework */ = {isa = PBXFileReference; lastKnownFileType = wrapper.framework; name = OpenGL.framework; path = System/Library/Frameworks/OpenGL.framework; sourceTree = SDKROOT; };
		346DFE371FCBE3FB00F790BF /* GLUT.framework */ = {isa = PBXFileReference; lastKnownFileType = wrapper.framework; name = GLUT.framework; path = System/Library/Frameworks/GLUT.framework; sourceTree = SDKROOT; };
		348900C61FCBFB0400814D1C /* Marching_Cubes_Output.obj */ = {isa = PBXFileReference; fileEncoding = 4; lastKnownFileType = text; path = Marching_Cubes_Output.obj; sourceTree = "<group>"; };
/* End PBXFileReference section */

/* Begin PBXFrameworksBuildPhase section */
		346DFE271FCBE3E600F790BF /* Frameworks */ = {
			isa = PBXFrameworksBuildPhase;
			buildActionMask = 2147483647;
			files = (
				346DFE381FCBE3FF00F790BF /* GLUT.framework in Frameworks */,
				346DFE361FCBE3F600F790BF /* OpenGL.framework in Frameworks */,
			);
			runOnlyForDeploymentPostprocessing = 0;
		};
/* End PBXFrameworksBuildPhase section */

/* Begin PBXGroup section */
		346DFE211FCBE3E600F790BF = {
			isa = PBXGroup;
			children = (
				346DFE2C1FCBE3E600F790BF /* MarchingCubes */,
				346DFE2B1FCBE3E600F790BF /* Products */,
				346DFE341FCBE3F200F790BF /* Frameworks */,
			);
			sourceTree = "<group>";
		};
		346DFE2B1FCBE3E600F790BF /* Products */ = {
			isa = PBXGroup;
			children = (
				346DFE2A1FCBE3E600F790BF /* MarchingCubes */,
			);
			name = Products;
			sourceTree = "<group>";
		};
		346DFE2C1FCBE3E600F790BF /* MarchingCubes */ = {
			isa = PBXGroup;
			children = (
				346DFE2D1FCBE3E600F790BF /* main.cpp */,
				348900C61FCBFB0400814D1C /* Marching_Cubes_Output.obj */,
			);
			path = MarchingCubes;
			sourceTree = "<group>";
		};
		346DFE341FCBE3F200F790BF /* Frameworks */ = {
			isa = PBXGroup;
			children = (
				346DFE371FCBE3FB00F790BF /* GLUT.framework */,
				346DFE351FCBE3F200F790BF /* OpenGL.framework */,
			);
			name = Frameworks;
			sourceTree = "<group>";
		};
/* End PBXGroup section */

/* Begin PBXNativeTarget section */
		346DFE291FCBE3E600F790BF /* MarchingCubes */ = {
			isa = PBXNativeTarget;
			buildConfigurationList = 346DFE311FCBE3E600F790BF /* Build configuration list for PBXNativeTarget "MarchingCubes" */;
			buildPhases = (
				346DFE261FCBE3E600F790BF /* Sources */,
				346DFE271FCBE3E600F790BF /* Frameworks */,
				346DFE281FCBE3E600F790BF /* CopyFiles */,
			);
			buildRules = (
			);
			dependencies = (
			);
			name = MarchingCubes;
			productName = MarchingCubes;
			productReference = 346DFE2A1FCBE3E600F790BF /* MarchingCubes */;
			productType = "com.apple.product-type.tool";
		};
/* End PBXNativeTarget section */

/* Begin PBXProject section */
		346DFE221FCBE3E600F790BF /* Project object */ = {
			isa = PBXProject;
			attributes = {
				LastUpgradeCheck = 0910;
				ORGANIZATIONNAME = "Mauro Amarante";
				TargetAttributes = {
					346DFE291FCBE3E600F790BF = {
						CreatedOnToolsVersion = 9.1;
						ProvisioningStyle = Automatic;
					};
				};
			};
			buildConfigurationList = 346DFE251FCBE3E600F790BF /* Build configuration list for PBXProject "MarchingCubes" */;
			compatibilityVersion = "Xcode 8.0";
			developmentRegion = en;
			hasScannedForEncodings = 0;
			knownRegions = (
				en,
			);
			mainGroup = 346DFE211FCBE3E600F790BF;
			productRefGroup = 346DFE2B1FCBE3E600F790BF /* Products */;
			projectDirPath = "";
			projectRoot = "";
			targets = (
				346DFE291FCBE3E600F790BF /* MarchingCubes */,
			);
		};
/* End PBXProject section */

/* Begin PBXSourcesBuildPhase section */
		346DFE261FCBE3E600F790BF /* Sources */ = {
			isa = PBXSourcesBuildPhase;
			buildActionMask = 2147483647;
			files = (
				346DFE2E1FCBE3E600F790BF /* main.cpp in Sources */,
			);
			runOnlyForDeploymentPostprocessing = 0;
		};
/* End PBXSourcesBuildPhase section */

/* Begin XCBuildConfiguration section */
		346DFE2F1FCBE3E600F790BF /* Debug */ = {
			isa = XCBuildConfiguration;
			buildSettings = {
				ALWAYS_SEARCH_USER_PATHS = NO;
				CLANG_ANALYZER_NONNULL = YES;
				CLANG_ANALYZER_NUMBER_OBJECT_CONVERSION = YES_AGGRESSIVE;
				CLANG_CXX_LANGUAGE_STANDARD = "gnu++14";
				CLANG_CXX_LIBRARY = "libc++";
				CLANG_ENABLE_MODULES = YES;
				CLANG_ENABLE_OBJC_ARC = YES;
				CLANG_WARN_BLOCK_CAPTURE_AUTORELEASING = YES;
				CLANG_WARN_BOOL_CONVERSION = YES;
				CLANG_WARN_COMMA = YES;
				CLANG_WARN_CONSTANT_CONVERSION = YES;
				CLANG_WARN_DIRECT_OBJC_ISA_USAGE = YES_ERROR;
				CLANG_WARN_DOCUMENTATION_COMMENTS = YES;
				CLANG_WARN_EMPTY_BODY = YES;
				CLANG_WARN_ENUM_CONVERSION = YES;
				CLANG_WARN_INFINITE_RECURSION = YES;
				CLANG_WARN_INT_CONVERSION = YES;
				CLANG_WARN_NON_LITERAL_NULL_CONVERSION = YES;
				CLANG_WARN_OBJC_LITERAL_CONVERSION = YES;
				CLANG_WARN_OBJC_ROOT_CLASS = YES_ERROR;
				CLANG_WARN_RANGE_LOOP_ANALYSIS = YES;
				CLANG_WARN_STRICT_PROTOTYPES = YES;
				CLANG_WARN_SUSPICIOUS_MOVE = YES;
				CLANG_WARN_UNGUARDED_AVAILABILITY = YES_AGGRESSIVE;
				CLANG_WARN_UNREACHABLE_CODE = YES;
				CLANG_WARN__DUPLICATE_METHOD_MATCH = YES;
				CODE_SIGN_IDENTITY = "Mac Developer";
				COPY_PHASE_STRIP = NO;
				DEBUG_INFORMATION_FORMAT = dwarf;
				ENABLE_STRICT_OBJC_MSGSEND = YES;
				ENABLE_TESTABILITY = YES;
				GCC_C_LANGUAGE_STANDARD = gnu11;
				GCC_DYNAMIC_NO_PIC = NO;
				GCC_NO_COMMON_BLOCKS = YES;
				GCC_OPTIMIZATION_LEVEL = 0;
				GCC_PREPROCESSOR_DEFINITIONS = (
					"DEBUG=1",
					"$(inherited)",
				);
				GCC_WARN_64_TO_32_BIT_CONVERSION = YES;
				GCC_WARN_ABOUT_RETURN_TYPE = YES_ERROR;
				GCC_WARN_UNDECLARED_SELECTOR = YES;
				GCC_WARN_UNINITIALIZED_AUTOS = YES_AGGRESSIVE;
				GCC_WARN_UNUSED_FUNCTION = YES;
				GCC_WARN_UNUSED_VARIABLE = YES;
				MACOSX_DEPLOYMENT_TARGET = 10.13;
				MTL_ENABLE_DEBUG_INFO = YES;
				ONLY_ACTIVE_ARCH = YES;
				SDKROOT = macosx;
			};
			name = Debug;
		};
		346DFE301FCBE3E600F790BF /* Release */ = {
			isa = XCBuildConfiguration;
			buildSettings = {
				ALWAYS_SEARCH_USER_PATHS = NO;
				CLANG_ANALYZER_NONNULL = YES;
				CLANG_ANALYZER_NUMBER_OBJECT_CONVERSION = YES_AGGRESSIVE;
				CLANG_CXX_LANGUAGE_STANDARD = "gnu++14";
				CLANG_CXX_LIBRARY = "libc++";
				CLANG_ENABLE_MODULES = YES;
				CLANG_ENABLE_OBJC_ARC = YES;
				CLANG_WARN_BLOCK_CAPTURE_AUTORELEASING = YES;
				CLANG_WARN_BOOL_CONVERSION = YES;
				CLANG_WARN_COMMA = YES;
				CLANG_WARN_CONSTANT_CONVERSION = YES;
				CLANG_WARN_DIRECT_OBJC_ISA_USAGE = YES_ERROR;
				CLANG_WARN_DOCUMENTATION_COMMENTS = YES;
				CLANG_WARN_EMPTY_BODY = YES;
				CLANG_WARN_ENUM_CONVERSION = YES;
				CLANG_WARN_INFINITE_RECURSION = YES;
				CLANG_WARN_INT_CONVERSION = YES;
				CLANG_WARN_NON_LITERAL_NULL_CONVERSION = YES;
				CLANG_WARN_OBJC_LITERAL_CONVERSION = YES;
				CLANG_WARN_OBJC_ROOT_CLASS = YES_ERROR;
				CLANG_WARN_RANGE_LOOP_ANALYSIS = YES;
				CLANG_WARN_STRICT_PROTOTYPES = YES;
				CLANG_WARN_SUSPICIOUS_MOVE = YES;
				CLANG_WARN_UNGUARDED_AVAILABILITY = YES_AGGRESSIVE;
				CLANG_WARN_UNREACHABLE_CODE = YES;
				CLANG_WARN__DUPLICATE_METHOD_MATCH = YES;
				CODE_SIGN_IDENTITY = "Mac Developer";
				COPY_PHASE_STRIP = NO;
				DEBUG_INFORMATION_FORMAT = "dwarf-with-dsym";
				ENABLE_NS_ASSERTIONS = NO;
				ENABLE_STRICT_OBJC_MSGSEND = YES;
				GCC_C_LANGUAGE_STANDARD = gnu11;
				GCC_NO_COMMON_BLOCKS = YES;
				GCC_WARN_64_TO_32_BIT_CONVERSION = YES;
				GCC_WARN_ABOUT_RETURN_TYPE = YES_ERROR;
				GCC_WARN_UNDECLARED_SELECTOR = YES;
				GCC_WARN_UNINITIALIZED_AUTOS = YES_AGGRESSIVE;
				GCC_WARN_UNUSED_FUNCTION = YES;
				GCC_WARN_UNUSED_VARIABLE = YES;
				MACOSX_DEPLOYMENT_TARGET = 10.13;
				MTL_ENABLE_DEBUG_INFO = NO;
				SDKROOT = macosx;
			};
			name = Release;
		};
		346DFE321FCBE3E600F790BF /* Debug */ = {
			isa = XCBuildConfiguration;
			buildSettings = {
				CODE_SIGN_STYLE = Automatic;
				DEVELOPMENT_TEAM = CPUPH3A362;
				PRODUCT_NAME = "$(TARGET_NAME)";
			};
			name = Debug;
		};
		346DFE331FCBE3E600F790BF /* Release */ = {
			isa = XCBuildConfiguration;
			buildSettings = {
				CODE_SIGN_STYLE = Automatic;
				DEVELOPMENT_TEAM = CPUPH3A362;
				PRODUCT_NAME = "$(TARGET_NAME)";
			};
			name = Release;
		};
/* End XCBuildConfiguration section */

/* Begin XCConfigurationList section */
		346DFE251FCBE3E600F790BF /* Build configuration list for PBXProject "MarchingCubes" */ = {
			isa = XCConfigurationList;
			buildConfigurations = (
				346DFE2F1FCBE3E600F790BF /* Debug */,
				346DFE301FCBE3E600F790BF /* Release */,
			);
			defaultConfigurationIsVisible = 0;
			defaultConfigurationName = Release;
		};
		346DFE311FCBE3E600F790BF /* Build configuration list for PBXNativeTarget "MarchingCubes" */ = {
			isa = XCConfigurationList;
			buildConfigurations = (
				346DFE321FCBE3E600F790BF /* Debug */,
				346DFE331FCBE3E600F790BF /* Release */,
			);
			defaultConfigurationIsVisible = 0;
			defaultConfigurationName = Release;
		};
/* End XCConfigurationList section */
	};
	rootObject = 346DFE221FCBE3E600F790BF /* Project object */;
}
